
Microsoft Visual Studio Solution File, Format Version 12.00
# Visual Studio 15
VisualStudioVersion = 15.0.26124.0
MinimumVisualStudioVersion = 15.0.26124.0
Project("{2150E333-8FDC-42A3-9474-1A3956D46DE8}") = "src", "src", "{AA32B1DE-C9FF-493F-B8C9-30FFA358C7E3}"
EndProject
Project("{FAE04EC0-301F-11D3-BF4B-00C04F79EFBC}") = "Channels", "src\Channels\Channels.csproj", "{1F49A8D0-853C-41FD-A00C-8C6D75D303DF}"
EndProject
Project("{2150E333-8FDC-42A3-9474-1A3956D46DE8}") = "test", "test", "{266F7C7D-99FA-4E10-933D-D4824A03D8C0}"
EndProject
Project("{FAE04EC0-301F-11D3-BF4B-00C04F79EFBC}") = "ChannelsTest", "test\ChannelsTest\ChannelsTest.csproj", "{18927CB2-FA34-4EC1-84BD-714B54E9F99A}"
EndProject
Project("{FAE04EC0-301F-11D3-BF4B-00C04F79EFBC}") = "Goroutines", "src\Goroutines\Goroutines.csproj", "{39B9F088-7AA0-4F66-9585-70BFCE9D70CD}"
EndProject
Project("{FAE04EC0-301F-11D3-BF4B-00C04F79EFBC}") = "GoroutinesTest", "test\GoroutinesTest\GoroutinesTest.csproj", "{2AB240B8-EC31-4B68-9545-EA42EF402162}"
EndProject
Global
	GlobalSection(SolutionConfigurationPlatforms) = preSolution
		Debug|Any CPU = Debug|Any CPU
		Debug|x64 = Debug|x64
		Debug|x86 = Debug|x86
		Release|Any CPU = Release|Any CPU
		Release|x64 = Release|x64
		Release|x86 = Release|x86
	EndGlobalSection
	GlobalSection(SolutionProperties) = preSolution
		HideSolutionNode = FALSE
	EndGlobalSection
	GlobalSection(ProjectConfigurationPlatforms) = postSolution
		{1F49A8D0-853C-41FD-A00C-8C6D75D303DF}.Debug|Any CPU.ActiveCfg = Debug|Any CPU
		{1F49A8D0-853C-41FD-A00C-8C6D75D303DF}.Debug|Any CPU.Build.0 = Debug|Any CPU
		{1F49A8D0-853C-41FD-A00C-8C6D75D303DF}.Debug|x64.ActiveCfg = Debug|x64
		{1F49A8D0-853C-41FD-A00C-8C6D75D303DF}.Debug|x64.Build.0 = Debug|x64
		{1F49A8D0-853C-41FD-A00C-8C6D75D303DF}.Debug|x86.ActiveCfg = Debug|x86
		{1F49A8D0-853C-41FD-A00C-8C6D75D303DF}.Debug|x86.Build.0 = Debug|x86
		{1F49A8D0-853C-41FD-A00C-8C6D75D303DF}.Release|Any CPU.ActiveCfg = Release|Any CPU
		{1F49A8D0-853C-41FD-A00C-8C6D75D303DF}.Release|Any CPU.Build.0 = Release|Any CPU
		{1F49A8D0-853C-41FD-A00C-8C6D75D303DF}.Release|x64.ActiveCfg = Release|x64
		{1F49A8D0-853C-41FD-A00C-8C6D75D303DF}.Release|x64.Build.0 = Release|x64
		{1F49A8D0-853C-41FD-A00C-8C6D75D303DF}.Release|x86.ActiveCfg = Release|x86
		{1F49A8D0-853C-41FD-A00C-8C6D75D303DF}.Release|x86.Build.0 = Release|x86
		{18927CB2-FA34-4EC1-84BD-714B54E9F99A}.Debug|Any CPU.ActiveCfg = Debug|Any CPU
		{18927CB2-FA34-4EC1-84BD-714B54E9F99A}.Debug|Any CPU.Build.0 = Debug|Any CPU
		{18927CB2-FA34-4EC1-84BD-714B54E9F99A}.Debug|x64.ActiveCfg = Debug|x64
		{18927CB2-FA34-4EC1-84BD-714B54E9F99A}.Debug|x64.Build.0 = Debug|x64
		{18927CB2-FA34-4EC1-84BD-714B54E9F99A}.Debug|x86.ActiveCfg = Debug|x86
		{18927CB2-FA34-4EC1-84BD-714B54E9F99A}.Debug|x86.Build.0 = Debug|x86
		{18927CB2-FA34-4EC1-84BD-714B54E9F99A}.Release|Any CPU.ActiveCfg = Release|Any CPU
		{18927CB2-FA34-4EC1-84BD-714B54E9F99A}.Release|Any CPU.Build.0 = Release|Any CPU
		{18927CB2-FA34-4EC1-84BD-714B54E9F99A}.Release|x64.ActiveCfg = Release|x64
		{18927CB2-FA34-4EC1-84BD-714B54E9F99A}.Release|x64.Build.0 = Release|x64
		{18927CB2-FA34-4EC1-84BD-714B54E9F99A}.Release|x86.ActiveCfg = Release|x86
		{18927CB2-FA34-4EC1-84BD-714B54E9F99A}.Release|x86.Build.0 = Release|x86
		{39B9F088-7AA0-4F66-9585-70BFCE9D70CD}.Debug|Any CPU.ActiveCfg = Debug|Any CPU
		{39B9F088-7AA0-4F66-9585-70BFCE9D70CD}.Debug|Any CPU.Build.0 = Debug|Any CPU
		{39B9F088-7AA0-4F66-9585-70BFCE9D70CD}.Debug|x64.ActiveCfg = Debug|x64
		{39B9F088-7AA0-4F66-9585-70BFCE9D70CD}.Debug|x64.Build.0 = Debug|x64
		{39B9F088-7AA0-4F66-9585-70BFCE9D70CD}.Debug|x86.ActiveCfg = Debug|x86
		{39B9F088-7AA0-4F66-9585-70BFCE9D70CD}.Debug|x86.Build.0 = Debug|x86
		{39B9F088-7AA0-4F66-9585-70BFCE9D70CD}.Release|Any CPU.ActiveCfg = Release|Any CPU
		{39B9F088-7AA0-4F66-9585-70BFCE9D70CD}.Release|Any CPU.Build.0 = Release|Any CPU
		{39B9F088-7AA0-4F66-9585-70BFCE9D70CD}.Release|x64.ActiveCfg = Release|x64
		{39B9F088-7AA0-4F66-9585-70BFCE9D70CD}.Release|x64.Build.0 = Release|x64
		{39B9F088-7AA0-4F66-9585-70BFCE9D70CD}.Release|x86.ActiveCfg = Release|x86
		{39B9F088-7AA0-4F66-9585-70BFCE9D70CD}.Release|x86.Build.0 = Release|x86
		{2AB240B8-EC31-4B68-9545-EA42EF402162}.Debug|Any CPU.ActiveCfg = Debug|Any CPU
		{2AB240B8-EC31-4B68-9545-EA42EF402162}.Debug|Any CPU.Build.0 = Debug|Any CPU
		{2AB240B8-EC31-4B68-9545-EA42EF402162}.Debug|x64.ActiveCfg = Debug|x64
		{2AB240B8-EC31-4B68-9545-EA42EF402162}.Debug|x64.Build.0 = Debug|x64
		{2AB240B8-EC31-4B68-9545-EA42EF402162}.Debug|x86.ActiveCfg = Debug|x86
		{2AB240B8-EC31-4B68-9545-EA42EF402162}.Debug|x86.Build.0 = Debug|x86
		{2AB240B8-EC31-4B68-9545-EA42EF402162}.Release|Any CPU.ActiveCfg = Release|Any CPU
		{2AB240B8-EC31-4B68-9545-EA42EF402162}.Release|Any CPU.Build.0 = Release|Any CPU
		{2AB240B8-EC31-4B68-9545-EA42EF402162}.Release|x64.ActiveCfg = Release|x64
		{2AB240B8-EC31-4B68-9545-EA42EF402162}.Release|x64.Build.0 = Release|x64
		{2AB240B8-EC31-4B68-9545-EA42EF402162}.Release|x86.ActiveCfg = Release|x86
		{2AB240B8-EC31-4B68-9545-EA42EF402162}.Release|x86.Build.0 = Release|x86
	EndGlobalSection
	GlobalSection(NestedProjects) = preSolution
		{1F49A8D0-853C-41FD-A00C-8C6D75D303DF} = {AA32B1DE-C9FF-493F-B8C9-30FFA358C7E3}
		{18927CB2-FA34-4EC1-84BD-714B54E9F99A} = {266F7C7D-99FA-4E10-933D-D4824A03D8C0}
		{39B9F088-7AA0-4F66-9585-70BFCE9D70CD} = {AA32B1DE-C9FF-493F-B8C9-30FFA358C7E3}
		{2AB240B8-EC31-4B68-9545-EA42EF402162} = {266F7C7D-99FA-4E10-933D-D4824A03D8C0}
	EndGlobalSection
EndGlobal
